
Microsoft Visual Studio Solution File, Format Version 12.00
# Visual Studio Version 16
VisualStudioVersion = 16.0.32126.315
MinimumVisualStudioVersion = 10.0.40219.1
Project("{FAE04EC0-301F-11D3-BF4B-00C04F79EFBC}") = "Laba 11.1 Wpf", "Laba 11.1 Wpf\Laba 11.1 Wpf.csproj", "{F342DF31-24C8-4D56-A193-1B6F70B7F40F}"
EndProject
Global
	GlobalSection(SolutionConfigurationPlatforms) = preSolution
		Debug|Any CPU = Debug|Any CPU
		Release|Any CPU = Release|Any CPU
	EndGlobalSection
	GlobalSection(ProjectConfigurationPlatforms) = postSolution
		{F342DF31-24C8-4D56-A193-1B6F70B7F40F}.Debug|Any CPU.ActiveCfg = Debug|Any CPU
		{F342DF31-24C8-4D56-A193-1B6F70B7F40F}.Debug|Any CPU.Build.0 = Debug|Any CPU
		{F342DF31-24C8-4D56-A193-1B6F70B7F40F}.Release|Any CPU.ActiveCfg = Release|Any CPU
		{F342DF31-24C8-4D56-A193-1B6F70B7F40F}.Release|Any CPU.Build.0 = Release|Any CPU
	EndGlobalSection
	GlobalSection(SolutionProperties) = preSolution
		HideSolutionNode = FALSE
	EndGlobalSection
	GlobalSection(ExtensibilityGlobals) = postSolution
		SolutionGuid = {34FD9ECA-1235-4EAD-9D1D-D51EF1D5BD65}
	EndGlobalSection
EndGlobal
